#
# This file is autogenerated by pip-compile with Python 3.11
# by the following command:
#
#    pip-compile --output-file=requirements.lock --pre --strip-extras requirements.in
#
altair==6.2.0.dev20260518
    # via streamlit
annotated-types==0.7.0
    # via pydantic
anyio==4.13.0
    # via
    #   google-genai
    #   httpx
    #   openai
    #   starlette
    #   streamlit
appdirs==1.4.4
    # via pyppeteer
attrs==26.1.0
    # via
    #   jsonschema
    #   outcome
    #   referencing
    #   trio
beautifulsoup4==4.14.3
    # via
    #   -r requirements.in
    #   bs4
    #   finance-datareader
    #   yfinance
blinker==1.9.0
    # via streamlit
bs4==0.0.2
    # via requests-html
build==1.5.0
    # via ta-lib
cachetools==7.1.4
    # via streamlit
certifi==2026.5.20
    # via
    #   curl-cffi
    #   httpcore
    #   httpx
    #   requests
    #   selenium
cffi==2.0.0
    # via
    #   cryptography
    #   curl-cffi
charset-normalizer==3.4.7
    # via requests
chromedriver-autoinstaller==0.6.4
    # via -r requirements.in
click==8.4.1
    # via
    #   streamlit
    #   uvicorn
contourpy==1.3.3
    # via matplotlib
cryptography==48.0.0
    # via google-auth
cssselect==1.4.0
    # via pyquery
curl-cffi==0.15.1b1
    # via yfinance
cycler==0.12.1
    # via matplotlib
deprecated==1.3.1
    # via pykrx
distro==1.9.0
    # via
    #   google-genai
    #   openai
fake-useragent==2.2.0
    # via requests-html
feedparser==6.0.12
    # via -r requirements.in
filetype==1.2.0
    # via langchain-google-genai
finance-datareader==0.9.202
    # via -r requirements.in
fonttools==4.63.0
    # via matplotlib
gitdb==4.0.12
    # via gitpython
gitpython==3.1.50
    # via streamlit
google-ai-generativelanguage==0.6.15
    # via google-generativeai
google-api-core==2.30.3
    # via
    #   google-ai-generativelanguage
    #   google-api-python-client
    #   google-generativeai
google-api-python-client==2.196.0
    # via google-generativeai
google-auth==2.53.0
    # via
    #   google-ai-generativelanguage
    #   google-api-core
    #   google-api-python-client
    #   google-auth-httplib2
    #   google-genai
    #   google-generativeai
google-auth-httplib2==0.4.0
    # via google-api-python-client
google-genai==1.75.0
    # via langchain-google-genai
google-generativeai==0.8.6
    # via -r requirements.in
googleapis-common-protos==1.75.0
    # via
    #   google-api-core
    #   grpcio-status
grpcio==1.81.0rc1
    # via
    #   google-api-core
    #   grpcio-status
grpcio-status==1.71.2
    # via google-api-core
h11==0.16.0
    # via
    #   httpcore
    #   uvicorn
    #   wsproto
httpcore==1.0.9
    # via httpx
httplib2==0.31.2
    # via
    #   google-api-python-client
    #   google-auth-httplib2
httptools==0.8.0
    # via streamlit
httpx==0.28.1
    # via
    #   google-genai
    #   langgraph-sdk
    #   langsmith
    #   openai
idna==3.16
    # via
    #   anyio
    #   httpx
    #   requests
    #   trio
itsdangerous==2.2.0
    # via streamlit
jinja2==3.1.6
    # via
    #   altair
    #   pydeck
jiter==0.15.0
    # via openai
jsonpatch==1.33
    # via langchain-core
jsonpointer==3.1.1
    # via jsonpatch
jsonschema==4.26.0
    # via altair
jsonschema-specifications==2025.9.1
    # via jsonschema
kiwisolver==1.5.0
    # via matplotlib
langchain==1.3.1
    # via -r requirements.in
langchain-core==1.4.0
    # via
    #   langchain
    #   langchain-google-genai
    #   langchain-openai
    #   langgraph
    #   langgraph-checkpoint
    #   langgraph-prebuilt
    #   langgraph-supervisor
langchain-google-genai==4.2.3
    # via -r requirements.in
langchain-openai==1.2.2
    # via -r requirements.in
langchain-protocol==0.0.15
    # via langchain-core
langgraph==1.2.1
    # via
    #   -r requirements.in
    #   langchain
    #   langgraph-supervisor
langgraph-checkpoint==4.1.1
    # via
    #   langgraph
    #   langgraph-prebuilt
langgraph-prebuilt==1.1.0
    # via langgraph
langgraph-sdk==0.3.15
    # via langgraph
langgraph-supervisor==0.0.31
    # via -r requirements.in
langsmith==0.8.5
    # via langchain-core
lxml==6.1.1
    # via
    #   -r requirements.in
    #   finance-datareader
    #   pyquery
markupsafe==3.0.3
    # via jinja2
matplotlib==3.11.0rc2
    # via
    #   -r requirements.in
    #   mplfinance
    #   pykrx
mplfinance==0.12.10b0
    # via -r requirements.in
multipledispatch==1.0.0
    # via pykrx
multitasking==0.0.13
    # via yfinance
narwhals==2.21.2
    # via
    #   altair
    #   plotly
numpy==2.4.6
    # via
    #   -r requirements.in
    #   contourpy
    #   matplotlib
    #   pandas
    #   pydeck
    #   pykrx
    #   streamlit
    #   ta-lib
    #   yfinance
openai==2.38.0
    # via
    #   -r requirements.in
    #   langchain-openai
orjson==3.11.9
    # via
    #   langgraph-sdk
    #   langsmith
ormsgpack==1.12.2
    # via langgraph-checkpoint
outcome==1.3.0.post0
    # via
    #   trio
    #   trio-websocket
packaging==26.2
    # via
    #   altair
    #   build
    #   chromedriver-autoinstaller
    #   langchain-core
    #   langsmith
    #   matplotlib
    #   plotly
    #   streamlit
    #   webdriver-manager
pandas==2.3.3
    # via
    #   -r requirements.in
    #   finance-datareader
    #   mplfinance
    #   pykrx
    #   streamlit
    #   yfinance
parse==1.22.1
    # via requests-html
peewee==4.0.6
    # via yfinance
pillow==12.2.0
    # via
    #   -r requirements.in
    #   matplotlib
    #   streamlit
platformdirs==4.9.6
    # via yfinance
plotly==6.7.0
    # via
    #   -r requirements.in
    #   finance-datareader
proto-plus==1.28.0
    # via
    #   google-ai-generativelanguage
    #   google-api-core
protobuf==5.29.6
    # via
    #   google-ai-generativelanguage
    #   google-api-core
    #   google-generativeai
    #   googleapis-common-protos
    #   grpcio-status
    #   proto-plus
    #   streamlit
    #   yfinance
pyarrow==24.0.0
    # via streamlit
pyasn1==0.6.3
    # via pyasn1-modules
pyasn1-modules==0.4.2
    # via google-auth
pycparser==3.0
    # via cffi
pydantic==2.14.0a1
    # via
    #   google-genai
    #   google-generativeai
    #   langchain
    #   langchain-core
    #   langchain-google-genai
    #   langgraph
    #   langsmith
    #   openai
    #   pydantic-settings
pydantic-core==2.47.0
    # via pydantic
pydantic-settings==2.14.1
    # via -r requirements.in
pydeck==0.9.2
    # via streamlit
pyee==13.0.1
    # via pyppeteer
pykrx==1.2.8
    # via -r requirements.in
pyparsing==3.3.2
    # via
    #   httplib2
    #   matplotlib
pyppeteer==0.0.25
    # via requests-html
pyproject-hooks==1.2.0
    # via build
pyquery==2.0.1
    # via requests-html
pysocks==1.7.1
    # via urllib3
python-dateutil==2.9.0.post0
    # via
    #   -r requirements.in
    #   matplotlib
    #   pandas
python-dotenv==1.2.2
    # via
    #   -r requirements.in
    #   pydantic-settings
    #   webdriver-manager
python-multipart==0.0.29
    # via streamlit
pytz==2026.2
    # via
    #   pandas
    #   yfinance
pyyaml==6.0.3
    # via langchain-core
referencing==0.37.0
    # via
    #   jsonschema
    #   jsonschema-specifications
regex==2026.5.9
    # via tiktoken
requests==2.34.2
    # via
    #   -r requirements.in
    #   finance-datareader
    #   google-api-core
    #   google-auth
    #   google-genai
    #   langsmith
    #   pykrx
    #   requests-file
    #   requests-html
    #   requests-toolbelt
    #   streamlit
    #   tiktoken
    #   webdriver-manager
    #   yfinance
requests-file==3.0.1
    # via finance-datareader
requests-html==0.10.0
    # via -r requirements.in
requests-toolbelt==1.0.0
    # via langsmith
rpds-py==0.30.0
    # via
    #   jsonschema
    #   referencing
selenium==4.44.0
    # via -r requirements.in
sgmllib3k==1.0.0
    # via feedparser
six==1.17.0
    # via python-dateutil
smmap==5.0.3
    # via gitdb
sniffio==1.3.1
    # via
    #   google-genai
    #   openai
    #   trio
sortedcontainers==2.4.0
    # via trio
soupsieve==2.8.4
    # via beautifulsoup4
starlette==1.1.0
    # via streamlit
streamlit==1.57.0
    # via -r requirements.in
ta-lib==0.6.8
    # via -r requirements.in
tabulate==0.10.0
    # via finance-datareader
tenacity==9.1.4
    # via
    #   google-genai
    #   langchain-core
    #   streamlit
tiktoken==0.13.0
    # via
    #   -r requirements.in
    #   langchain-openai
toml==0.10.2
    # via streamlit
tqdm==4.67.3
    # via
    #   finance-datareader
    #   google-generativeai
    #   openai
    #   pyppeteer
trio==0.33.0
    # via
    #   selenium
    #   trio-websocket
trio-websocket==0.12.2
    # via selenium
typing-extensions==4.15.0
    # via
    #   altair
    #   anyio
    #   beautifulsoup4
    #   google-genai
    #   google-generativeai
    #   grpcio
    #   langchain-core
    #   langchain-protocol
    #   openai
    #   pydantic
    #   pydantic-core
    #   pyee
    #   referencing
    #   selenium
    #   starlette
    #   streamlit
    #   typing-inspection
typing-inspection==0.4.2
    # via
    #   pydantic
    #   pydantic-settings
tzdata==2026.2
    # via pandas
uritemplate==4.2.0
    # via google-api-python-client
urllib3==2.7.0
    # via
    #   pyppeteer
    #   requests
    #   selenium
uuid-utils==0.16.0
    # via
    #   langchain-core
    #   langsmith
uvicorn==0.48.0
    # via streamlit
w3lib==2.4.1
    # via requests-html
watchdog==6.0.0
    # via streamlit
webdriver-manager==4.1.1
    # via -r requirements.in
websocket-client==1.9.0
    # via selenium
websockets==16.0
    # via
    #   google-genai
    #   pyppeteer
    #   streamlit
    #   yfinance
wrapt==2.2.1
    # via deprecated
wsproto==1.3.2
    # via trio-websocket
xxhash==3.7.0
    # via
    #   langgraph
    #   langsmith
yfinance==1.4.0
    # via -r requirements.in
zstandard==0.25.0
    # via langsmith
